
Microsoft Visual Studio Solution File, Format Version 12.00
# Visual Studio Version 17
VisualStudioVersion = 17.9.34723.18
MinimumVisualStudioVersion = 10.0.40219.1
Project("{FAE04EC0-301F-11D3-BF4B-00C04F79EFBC}") = "Network_Programming_Task5", "Network_Programming_Task5\Network_Programming_Task5.csproj", "{7FAEC2E6-1159-47C0-AFE7-0D6D9A3FAE05}"
EndProject
Global
	GlobalSection(SolutionConfigurationPlatforms) = preSolution
		Debug|Any CPU = Debug|Any CPU
		Release|Any CPU = Release|Any CPU
	EndGlobalSection
	GlobalSection(ProjectConfigurationPlatforms) = postSolution
		{7FAEC2E6-1159-47C0-AFE7-0D6D9A3FAE05}.Debug|Any CPU.ActiveCfg = Debug|Any CPU
		{7FAEC2E6-1159-47C0-AFE7-0D6D9A3FAE05}.Debug|Any CPU.Build.0 = Debug|Any CPU
		{7FAEC2E6-1159-47C0-AFE7-0D6D9A3FAE05}.Release|Any CPU.ActiveCfg = Release|Any CPU
		{7FAEC2E6-1159-47C0-AFE7-0D6D9A3FAE05}.Release|Any CPU.Build.0 = Release|Any CPU
	EndGlobalSection
	GlobalSection(SolutionProperties) = preSolution
		HideSolutionNode = FALSE
	EndGlobalSection
	GlobalSection(ExtensibilityGlobals) = postSolution
		SolutionGuid = {554BF1BE-379B-48E4-92BF-83F55FA12174}
	EndGlobalSection
EndGlobal
